{
  "nodes": {
    "brew-src": {
      "flake": false,
      "locked": {
        "lastModified": 1748148946,
        "narHash": "sha256-srnyYAqGD27NeBDaEU3hchJdkeOQ2vRe3kWurihFYT8=",
        "owner": "Homebrew",
        "repo": "brew",
        "rev": "dc0f9d50fd170492a33fd7234d06de1b94df363c",
        "type": "github"
      },
      "original": {
        "owner": "Homebrew",
        "ref": "4.5.3",
        "repo": "brew",
        "type": "github"
      }
    },
    "hashicorp": {
      "flake": false,
      "locked": {
        "lastModified": 1748568376,
        "narHash": "sha256-T93RhZa0vwTiyhEVJJikZn6IFDxPq05ebGgqzB0PS+I=",
        "owner": "hashicorp",
        "repo": "homebrew-tap",
        "rev": "7399719abb72ebdadffc79085d6713a1cb39d575",
        "type": "github"
      },
      "original": {
        "owner": "hashicorp",
        "repo": "homebrew-tap",
        "type": "github"
      }
    },
    "homebrew-cask": {
      "flake": false,
      "locked": {
        "lastModified": 1748589196,
        "narHash": "sha256-oJ9E//cbUQerHFJTtb3r1lT1UVwxhMxHAap93DODqaU=",
        "owner": "homebrew",
        "repo": "homebrew-cask",
        "rev": "9fd25e96d39327f5ed2a8faad280b2cdad25ed2b",
        "type": "github"
      },
      "original": {
        "owner": "homebrew",
        "repo": "homebrew-cask",
        "type": "github"
      }
    },
    "homebrew-core": {
      "flake": false,
      "locked": {
        "lastModified": 1748585385,
        "narHash": "sha256-S1ozYzMfTzLZSr3yzdgeEsMQhlTROdxoJuk8cBT2tfo=",
        "owner": "homebrew",
        "repo": "homebrew-core",
        "rev": "e81bf573ed5093b7fffbffa5d4a83a1660f7e077",
        "type": "github"
      },
      "original": {
        "owner": "homebrew",
        "repo": "homebrew-core",
        "type": "github"
      }
    },
    "nix-darwin": {
      "inputs": {
        "nixpkgs": [
          "nixpkgs"
        ]
      },
      "locked": {
        "lastModified": 1748352827,
        "narHash": "sha256-sNUUP6qxGkK9hXgJ+p362dtWLgnIWwOCmiq72LAWtYo=",
        "owner": "nix-darwin",
        "repo": "nix-darwin",
        "rev": "44a7d0e687a87b73facfe94fba78d323a6686a90",
        "type": "github"
      },
      "original": {
        "owner": "nix-darwin",
        "ref": "master",
        "repo": "nix-darwin",
        "type": "github"
      }
    },
    "nix-homebrew": {
      "inputs": {
        "brew-src": "brew-src"
      },
      "locked": {
        "lastModified": 1748379893,
        "narHash": "sha256-7zvNSdEA4KhKA3vosAU3QdzGgSBKxTR2iUEredA8tLc=",
        "owner": "zhaofengli",
        "repo": "nix-homebrew",
        "rev": "77517445732b9ae0b413e4580b1c8e88f804da1c",
        "type": "github"
      },
      "original": {
        "owner": "zhaofengli",
        "repo": "nix-homebrew",
        "type": "github"
      }
    },
    "nixpkgs": {
      "locked": {
        "lastModified": 1748248602,
        "narHash": "sha256-LanRAm0IRpL36KpCKSknEwkBFvTLc9mDHKeAmfTrHwg=",
        "owner": "NixOS",
        "repo": "nixpkgs",
        "rev": "ad331efcaf680eb1c838cb339472399ea7b3cdab",
        "type": "github"
      },
      "original": {
        "owner": "NixOS",
        "ref": "nixpkgs-unstable",
        "repo": "nixpkgs",
        "type": "github"
      }
    },
    "root": {
      "inputs": {
        "hashicorp": "hashicorp",
        "homebrew-cask": "homebrew-cask",
        "homebrew-core": "homebrew-core",
        "nix-darwin": "nix-darwin",
        "nix-homebrew": "nix-homebrew",
        "nixpkgs": "nixpkgs"
      }
    }
  },
  "root": "root",
  "version": 7
}
